PODS:
  - ActionSheetPicker-3.0 (2.2.0)
  - Alertift (1.3)
  - BTNavigationDropdownMenu (0.4.1)
  - Crashlytics (3.9.0):
    - Fabric (~> 1.7.0)
  - Eureka (3.0.0)
  - Fabric (1.7.0)
  - ImageRow (2.0.0):
    - Eureka (= 3.0)
  - ISHHoverBar (1.0.1)
  - JVFloatLabeledTextField (1.2.1)
  - PermissionScope (1.1.1)
  - PKHUD (4.2.3)
  - ReachabilitySwift (4.1.0)
  - Realm (3.0.0):
    - Realm/Headers (= 3.0.0)
  - Realm/Headers (3.0.0)
  - RealmLoginKit (0.1.3):
    - Realm
    - RealmLoginKit/Core (= 0.1.3)
    - TORoundedTableView
  - RealmLoginKit/Core (0.1.3):
    - Realm
    - TORoundedTableView
  - RealmSwift (3.0.0):
    - Realm (= 3.0.0)
  - TORoundedTableView (0.1.3)

DEPENDENCIES:
  - ActionSheetPicker-3.0
  - Alertift (~> 1.0)
  - BTNavigationDropdownMenu (from `https://github.com/realm-demos/BTNavigationDropdownMenu`, branch `swift-3.0`)
  - Crashlytics
  - Eureka (from `https://github.com/xmartlabs/Eureka.git`, branch `feature/Xcode9-Swift3_2`)
  - Fabric
  - ImageRow
  - ISHHoverBar
  - JVFloatLabeledTextField
  - PermissionScope (from `https://github.com/nickoneill/PermissionScope.git`)
  - PKHUD (~> 4.0)
  - ReachabilitySwift
  - RealmLoginKit
  - RealmSwift

EXTERNAL SOURCES:
  BTNavigationDropdownMenu:
    :branch: swift-3.0
    :git: https://github.com/realm-demos/BTNavigationDropdownMenu
  Eureka:
    :branch: feature/Xcode9-Swift3_2
    :git: https://github.com/xmartlabs/Eureka.git
  PermissionScope:
    :git: https://github.com/nickoneill/PermissionScope.git

CHECKOUT OPTIONS:
  BTNavigationDropdownMenu:
    :commit: 7aad52087fc8a2e1861d0aa67c5f0a17131809c6
    :git: https://github.com/realm-demos/BTNavigationDropdownMenu
  Eureka:
    :commit: 05acfb04c24a480f1868e671d19b39e0f22fc265
    :git: https://github.com/xmartlabs/Eureka.git
  PermissionScope:
    :commit: 2638819d22efda1c3a335004bd977de587843831
    :git: https://github.com/nickoneill/PermissionScope.git

SPEC CHECKSUMS:
  ActionSheetPicker-3.0: d11a4c12c6aaf704b8a3f56d179198c99f3e41e6
  Alertift: e9a2d1e31af55f8f44d4153d84fdf0f4657bad24
  BTNavigationDropdownMenu: 093f3cbfad1572f2c222bdf8d17584d1e13380d4
  Crashlytics: 64aad5dd97249dd3ff94b979fea140144590cdd3
  Eureka: 5b9418d7bfdc21ca977d69d124a6409f3e9af2c7
  Fabric: e6be012366472553807dada21243c5ab8d904151
  ImageRow: 9dfbfa38c1e62c25d638bc40e97a48c1809443c4
  ISHHoverBar: 44d5161b7c815a60468d181e3ce70fbbfa5bef2a
  JVFloatLabeledTextField: cfc44e3c4d493b2ed92ede8035e8e89c2912ba64
  PermissionScope: a30c16e015779ba27c97c124e7539e27b5829de2
  PKHUD: c7692163a09875cbf15827dc581df3c5cf7f1015
  ReachabilitySwift: 6849231cd4e06559f3b9ef4a97a0a0f96d41e09f
  Realm: dec0de73be8c57506e39db72694d513c189493b3
  RealmLoginKit: 646d412bb28b8319235fb48e54ed6d6e57b98e17
  RealmSwift: 44a7090b16d1b22a406c6bf129bdd602db1bbecc
  TORoundedTableView: cd1437ef81ab3888dea8c06d2dfe4795bcaac768

PODFILE CHECKSUM: 56c711722261f9119201eb06a374ff98586ec2dc

COCOAPODS: 1.3.1
