PODS:
  - ABFRealmMapView (2.1.3):
    - RBQSafeRealmObject
    - Realm (>= 0.98)
  - ActionSheetPicker-3.0 (2.2.0)
  - Alertift (1.3)
  - BTNavigationDropdownMenu (0.4.1)
  - Crashlytics (3.8.6):
    - Fabric (~> 1.6.3)
  - Eureka (3.0.0)
  - Fabric (1.6.13)
  - ImagePicker (2.1.1)
  - ImageRow (2.0.0):
    - Eureka (= 3.0)
  - ISHHoverBar (1.0.1)
  - JVFloatLabeledTextField (1.2.0)
  - PermissionScope (1.1.1)
  - PKHUD (4.2.3)
  - RBQSafeRealmObject (1.1):
    - Realm (>= 0.99.1)
    - RealmUtilities (>= 0.2.1)
  - ReachabilitySwift (3)
  - Realm (2.10.0):
    - Realm/Headers (= 2.10.0)
  - Realm/Headers (2.10.0)
  - RealmLoginKit (0.1.1):
    - Realm
    - RealmLoginKit/Core (= 0.1.1)
    - TORoundedTableView
  - RealmLoginKit/Core (0.1.1):
    - Realm
    - TORoundedTableView
  - RealmMapView (2.1.3):
    - ABFRealmMapView (>= 2.1.3)
    - RBQSafeRealmObject
    - RealmSwift (>= 2.1.1)
  - RealmSwift (2.10.0):
    - Realm (= 2.10.0)
  - RealmUtilities (0.4):
    - Realm (>= 0.95)
  - TORoundedTableView (0.1.3)

DEPENDENCIES:
  - ActionSheetPicker-3.0
  - Alertift (~> 1.0)
  - BTNavigationDropdownMenu (from `https://github.com/realm-demos/BTNavigationDropdownMenu`, branch `swift-3.0`)
  - Crashlytics
  - Eureka (from `https://github.com/xmartlabs/Eureka.git`, branch `feature/Xcode9-Swift3_2`)
  - Fabric
  - ImagePicker
  - ImageRow
  - ISHHoverBar
  - JVFloatLabeledTextField
  - PermissionScope (from `https://github.com/nickoneill/PermissionScope.git`)
  - PKHUD (~> 4.0)
  - ReachabilitySwift
  - RealmLoginKit
  - RealmMapView (from `https://github.com/bigfish24/ABFRealmMapView.git`)
  - RealmSwift

EXTERNAL SOURCES:
  BTNavigationDropdownMenu:
    :branch: swift-3.0
    :git: https://github.com/realm-demos/BTNavigationDropdownMenu
  Eureka:
    :branch: feature/Xcode9-Swift3_2
    :git: https://github.com/xmartlabs/Eureka.git
  PermissionScope:
    :git: https://github.com/nickoneill/PermissionScope.git
  RealmMapView:
    :git: https://github.com/bigfish24/ABFRealmMapView.git

CHECKOUT OPTIONS:
  BTNavigationDropdownMenu:
    :commit: 7aad52087fc8a2e1861d0aa67c5f0a17131809c6
    :git: https://github.com/realm-demos/BTNavigationDropdownMenu
  Eureka:
    :commit: 170433bedb6db4228da60eb6c866156b6b29e666
    :git: https://github.com/xmartlabs/Eureka.git
  PermissionScope:
    :commit: 2638819d22efda1c3a335004bd977de587843831
    :git: https://github.com/nickoneill/PermissionScope.git
  RealmMapView:
    :commit: 5396254a4c191204dca54b4ffb0ded96da29f5da
    :git: https://github.com/bigfish24/ABFRealmMapView.git

SPEC CHECKSUMS:
  ABFRealmMapView: 52566666a6e3206631150da747d9a5e52750a468
  ActionSheetPicker-3.0: d11a4c12c6aaf704b8a3f56d179198c99f3e41e6
  Alertift: e9a2d1e31af55f8f44d4153d84fdf0f4657bad24
  BTNavigationDropdownMenu: 093f3cbfad1572f2c222bdf8d17584d1e13380d4
  Crashlytics: 95d05f4e4c19a771250c4bd9ce344d996de32bbf
  Eureka: 5b9418d7bfdc21ca977d69d124a6409f3e9af2c7
  Fabric: 2fb5676bc811af011a04513451f463dac6803206
  ImagePicker: fe4c699abb56ff03994fa98d8b02e3883ee118be
  ImageRow: 9dfbfa38c1e62c25d638bc40e97a48c1809443c4
  ISHHoverBar: 44d5161b7c815a60468d181e3ce70fbbfa5bef2a
  JVFloatLabeledTextField: 96c0c1b6739001801340d25b86aff990d67c4181
  PermissionScope: a30c16e015779ba27c97c124e7539e27b5829de2
  PKHUD: c7692163a09875cbf15827dc581df3c5cf7f1015
  RBQSafeRealmObject: 128e6ece2acceeb7dea9d00b8fa40ba4c489c3fa
  ReachabilitySwift: f5b9bb30a0777fac8f09ce8b067e32faeb29bb64
  Realm: 98b3a25643cf6b3e07d2b99fb43fe0eb9c801dec
  RealmLoginKit: c904029a7640daae5e83c9ca37d662cfa678f969
  RealmMapView: 78f56f8e8bbcd739832741ea53ef5cbfb674943c
  RealmSwift: 34073ad3a31232bbaf7c0db898c037940284cba2
  RealmUtilities: bd4d18141e62a6cdcfa1859f1f090a27ab282628
  TORoundedTableView: cd1437ef81ab3888dea8c06d2dfe4795bcaac768

PODFILE CHECKSUM: ffe0e8c9dbcfe5f4a0956192547f59cc42aff69c

COCOAPODS: 1.2.1
